# This file is automatically @generated by Cargo.
# It is not intended for manual editing.
version = 3

[[package]]
name = "minimal-lock-free-stack"
version = "0.0.0"
dependencies = [
 "portable-atomic",
]

[[package]]
name = "portable-atomic"
version = "1.4.3"
source = "registry+https://github.com/rust-lang/crates.io-index"
checksum = "31114a898e107c51bb1609ffaf55a0e011cf6a4d7f1170d0015a165082c0338b"
